
Microsoft Visual Studio Solution File, Format Version 12.00
# Visual Studio Version 17
VisualStudioVersion = 17.4.33213.308
MinimumVisualStudioVersion = 10.0.40219.1
Project("{FAE04EC0-301F-11D3-BF4B-00C04F79EFBC}") = "WebAPI", "WebAPI\WebAPI.csproj", "{1D9F5DC6-4BC1-4A8E-B6D1-F93438F0036A}"
EndProject
Project("{E53339B2-1760-4266-BCC7-CA923CBCF16C}") = "docker-compose", "docker-compose.dcproj", "{8E6A2F5D-6174-4949-B47E-66A723CE0FAA}"
EndProject
Project("{FAE04EC0-301F-11D3-BF4B-00C04F79EFBC}") = "Core", "Core\Core.csproj", "{1E41849B-48F6-4451-BBC9-FE26C3DF7759}"
EndProject
Project("{FAE04EC0-301F-11D3-BF4B-00C04F79EFBC}") = "Infrastructure", "Infrastructure\Infrastructure.csproj", "{0D7D06F0-B927-46BA-B2FE-CFFA194D36E1}"
EndProject
Project("{2150E333-8FDC-42A3-9474-1A3956D46DE8}") = "Solution Items", "Solution Items", "{4B13E06D-F00B-4138-9069-3E5976F29829}"
EndProject
Project("{2150E333-8FDC-42A3-9474-1A3956D46DE8}") = "Tests", "Tests", "{771A0C93-603C-486F-8BB4-CEE10957DC65}"
EndProject
Project("{FAE04EC0-301F-11D3-BF4B-00C04F79EFBC}") = "UnitTests", "Tests\UnitTests\UnitTests.csproj", "{808E054A-59E9-4612-A214-DDCF2325F580}"
EndProject
Global
	GlobalSection(SolutionConfigurationPlatforms) = preSolution
		Debug|Any CPU = Debug|Any CPU
		Release|Any CPU = Release|Any CPU
	EndGlobalSection
	GlobalSection(ProjectConfigurationPlatforms) = postSolution
		{1D9F5DC6-4BC1-4A8E-B6D1-F93438F0036A}.Debug|Any CPU.ActiveCfg = Debug|Any CPU
		{1D9F5DC6-4BC1-4A8E-B6D1-F93438F0036A}.Debug|Any CPU.Build.0 = Debug|Any CPU
		{1D9F5DC6-4BC1-4A8E-B6D1-F93438F0036A}.Release|Any CPU.ActiveCfg = Release|Any CPU
		{1D9F5DC6-4BC1-4A8E-B6D1-F93438F0036A}.Release|Any CPU.Build.0 = Release|Any CPU
		{8E6A2F5D-6174-4949-B47E-66A723CE0FAA}.Debug|Any CPU.ActiveCfg = Debug|Any CPU
		{8E6A2F5D-6174-4949-B47E-66A723CE0FAA}.Debug|Any CPU.Build.0 = Debug|Any CPU
		{8E6A2F5D-6174-4949-B47E-66A723CE0FAA}.Release|Any CPU.ActiveCfg = Release|Any CPU
		{8E6A2F5D-6174-4949-B47E-66A723CE0FAA}.Release|Any CPU.Build.0 = Release|Any CPU
		{1E41849B-48F6-4451-BBC9-FE26C3DF7759}.Debug|Any CPU.ActiveCfg = Debug|Any CPU
		{1E41849B-48F6-4451-BBC9-FE26C3DF7759}.Debug|Any CPU.Build.0 = Debug|Any CPU
		{1E41849B-48F6-4451-BBC9-FE26C3DF7759}.Release|Any CPU.ActiveCfg = Release|Any CPU
		{1E41849B-48F6-4451-BBC9-FE26C3DF7759}.Release|Any CPU.Build.0 = Release|Any CPU
		{0D7D06F0-B927-46BA-B2FE-CFFA194D36E1}.Debug|Any CPU.ActiveCfg = Debug|Any CPU
		{0D7D06F0-B927-46BA-B2FE-CFFA194D36E1}.Debug|Any CPU.Build.0 = Debug|Any CPU
		{0D7D06F0-B927-46BA-B2FE-CFFA194D36E1}.Release|Any CPU.ActiveCfg = Release|Any CPU
		{0D7D06F0-B927-46BA-B2FE-CFFA194D36E1}.Release|Any CPU.Build.0 = Release|Any CPU
		{808E054A-59E9-4612-A214-DDCF2325F580}.Debug|Any CPU.ActiveCfg = Debug|Any CPU
		{808E054A-59E9-4612-A214-DDCF2325F580}.Debug|Any CPU.Build.0 = Debug|Any CPU
		{808E054A-59E9-4612-A214-DDCF2325F580}.Release|Any CPU.ActiveCfg = Release|Any CPU
		{808E054A-59E9-4612-A214-DDCF2325F580}.Release|Any CPU.Build.0 = Release|Any CPU
	EndGlobalSection
	GlobalSection(SolutionProperties) = preSolution
		HideSolutionNode = FALSE
	EndGlobalSection
	GlobalSection(NestedProjects) = preSolution
		{8E6A2F5D-6174-4949-B47E-66A723CE0FAA} = {4B13E06D-F00B-4138-9069-3E5976F29829}
		{808E054A-59E9-4612-A214-DDCF2325F580} = {771A0C93-603C-486F-8BB4-CEE10957DC65}
	EndGlobalSection
	GlobalSection(ExtensibilityGlobals) = postSolution
		SolutionGuid = {238CE42D-DB27-4A18-A0BF-781DB84F512C}
	EndGlobalSection
EndGlobal
